// !$*UTF8*$!
{
	archiveVersion = 1;
	classes = {
	};
	objectVersion = 46;
	objects = {

/* Begin PBXBuildFile section */
		D816FB5A1D66396900EAE3BD /* AppDelegate.swift in Sources */ = {isa = PBXBuildFile; fileRef = D816FB591D66396900EAE3BD /* AppDelegate.swift */; };
		D816FB611D66396900EAE3BD /* Assets.xcassets in Resources */ = {isa = PBXBuildFile; fileRef = D816FB601D66396900EAE3BD /* Assets.xcassets */; };
		D816FB641D66396900EAE3BD /* LaunchScreen.storyboard in Resources */ = {isa = PBXBuildFile; fileRef = D816FB621D66396900EAE3BD /* LaunchScreen.storyboard */; };
		D816FB6D1D663A2C00EAE3BD /* PageContentViewController.swift in Sources */ = {isa = PBXBuildFile; fileRef = D816FB6B1D663A2C00EAE3BD /* PageContentViewController.swift */; };
		D816FB6E1D663A2C00EAE3BD /* PageViewController.swift in Sources */ = {isa = PBXBuildFile; fileRef = D816FB6C1D663A2C00EAE3BD /* PageViewController.swift */; };
		D816FB711D663A4100EAE3BD /* Main.storyboard in Resources */ = {isa = PBXBuildFile; fileRef = D816FB701D663A4100EAE3BD /* Main.storyboard */; };
/* End PBXBuildFile section */

/* Begin PBXFileReference section */
		D816FB561D66396900EAE3BD /* InfiniteCircularScrollView.app */ = {isa = PBXFileReference; explicitFileType = wrapper.application; includeInIndex = 0; path = InfiniteCircularScrollView.app; sourceTree = BUILT_PRODUCTS_DIR; };
		D816FB591D66396900EAE3BD /* AppDelegate.swift */ = {isa = PBXFileReference; lastKnownFileType = sourcecode.swift; path = AppDelegate.swift; sourceTree = "<group>"; };
		D816FB601D66396900EAE3BD /* Assets.xcassets */ = {isa = PBXFileReference; lastKnownFileType = folder.assetcatalog; path = Assets.xcassets; sourceTree = "<group>"; };
		D816FB631D66396900EAE3BD /* Base */ = {isa = PBXFileReference; lastKnownFileType = file.storyboard; name = Base; path = Base.lproj/LaunchScreen.storyboard; sourceTree = "<group>"; };
		D816FB651D66396900EAE3BD /* Info.plist */ = {isa = PBXFileReference; lastKnownFileType = text.plist.xml; path = Info.plist; sourceTree = "<group>"; };
		D816FB6B1D663A2C00EAE3BD /* PageContentViewController.swift */ = {isa = PBXFileReference; fileEncoding = 4; lastKnownFileType = sourcecode.swift; path = PageContentViewController.swift; sourceTree = "<group>"; };
		D816FB6C1D663A2C00EAE3BD /* PageViewController.swift */ = {isa = PBXFileReference; fileEncoding = 4; lastKnownFileType = sourcecode.swift; path = PageViewController.swift; sourceTree = "<group>"; };
		D816FB6F1D663A4100EAE3BD /* Base */ = {isa = PBXFileReference; lastKnownFileType = file.storyboard; name = Base; path = ../CircularScrollView/Base.lproj/Main.storyboard; sourceTree = "<group>"; };
/* End PBXFileReference section */

/* Begin PBXFrameworksBuildPhase section */
		D816FB531D66396900EAE3BD /* Frameworks */ = {
			isa = PBXFrameworksBuildPhase;
			buildActionMask = 2147483647;
			files = (
			);
			runOnlyForDeploymentPostprocessing = 0;
		};
/* End PBXFrameworksBuildPhase section */

/* Begin PBXGroup section */
		D816FB4D1D66396800EAE3BD = {
			isa = PBXGroup;
			children = (
				D816FB581D66396900EAE3BD /* InfiniteCircularScrollView */,
				D816FB571D66396900EAE3BD /* Products */,
			);
			sourceTree = "<group>";
		};
		D816FB571D66396900EAE3BD /* Products */ = {
			isa = PBXGroup;
			children = (
				D816FB561D66396900EAE3BD /* InfiniteCircularScrollView.app */,
			);
			name = Products;
			sourceTree = "<group>";
		};
		D816FB581D66396900EAE3BD /* InfiniteCircularScrollView */ = {
			isa = PBXGroup;
			children = (
				D816FB591D66396900EAE3BD /* AppDelegate.swift */,
				D816FB6B1D663A2C00EAE3BD /* PageContentViewController.swift */,
				D816FB701D663A4100EAE3BD /* Main.storyboard */,
				D816FB6C1D663A2C00EAE3BD /* PageViewController.swift */,
				D816FB601D66396900EAE3BD /* Assets.xcassets */,
				D816FB621D66396900EAE3BD /* LaunchScreen.storyboard */,
				D816FB651D66396900EAE3BD /* Info.plist */,
			);
			path = InfiniteCircularScrollView;
			sourceTree = "<group>";
		};
/* End PBXGroup section */

/* Begin PBXNativeTarget section */
		D816FB551D66396900EAE3BD /* InfiniteCircularScrollView */ = {
			isa = PBXNativeTarget;
			buildConfigurationList = D816FB681D66396900EAE3BD /* Build configuration list for PBXNativeTarget "InfiniteCircularScrollView" */;
			buildPhases = (
				D816FB521D66396900EAE3BD /* Sources */,
				D816FB531D66396900EAE3BD /* Frameworks */,
				D816FB541D66396900EAE3BD /* Resources */,
			);
			buildRules = (
			);
			dependencies = (
			);
			name = InfiniteCircularScrollView;
			productName = InfiniteCircularScrollView;
			productReference = D816FB561D66396900EAE3BD /* InfiniteCircularScrollView.app */;
			productType = "com.apple.product-type.application";
		};
/* End PBXNativeTarget section */

/* Begin PBXProject section */
		D816FB4E1D66396800EAE3BD /* Project object */ = {
			isa = PBXProject;
			attributes = {
				LastSwiftUpdateCheck = 0730;
				LastUpgradeCheck = 0730;
				ORGANIZATIONNAME = abc;
				TargetAttributes = {
					D816FB551D66396900EAE3BD = {
						CreatedOnToolsVersion = 7.3;
					};
				};
			};
			buildConfigurationList = D816FB511D66396800EAE3BD /* Build configuration list for PBXProject "InfiniteCircularScrollView" */;
			compatibilityVersion = "Xcode 3.2";
			developmentRegion = English;
			hasScannedForEncodings = 0;
			knownRegions = (
				en,
				Base,
			);
			mainGroup = D816FB4D1D66396800EAE3BD;
			productRefGroup = D816FB571D66396900EAE3BD /* Products */;
			projectDirPath = "";
			projectRoot = "";
			targets = (
				D816FB551D66396900EAE3BD /* InfiniteCircularScrollView */,
			);
		};
/* End PBXProject section */

/* Begin PBXResourcesBuildPhase section */
		D816FB541D66396900EAE3BD /* Resources */ = {
			isa = PBXResourcesBuildPhase;
			buildActionMask = 2147483647;
			files = (
				D816FB711D663A4100EAE3BD /* Main.storyboard in Resources */,
				D816FB641D66396900EAE3BD /* LaunchScreen.storyboard in Resources */,
				D816FB611D66396900EAE3BD /* Assets.xcassets in Resources */,
			);
			runOnlyForDeploymentPostprocessing = 0;
		};
/* End PBXResourcesBuildPhase section */

/* Begin PBXSourcesBuildPhase section */
		D816FB521D66396900EAE3BD /* Sources */ = {
			isa = PBXSourcesBuildPhase;
			buildActionMask = 2147483647;
			files = (
				D816FB6D1D663A2C00EAE3BD /* PageContentViewController.swift in Sources */,
				D816FB5A1D66396900EAE3BD /* AppDelegate.swift in Sources */,
				D816FB6E1D663A2C00EAE3BD /* PageViewController.swift in Sources */,
			);
			runOnlyForDeploymentPostprocessing = 0;
		};
/* End PBXSourcesBuildPhase section */

/* Begin PBXVariantGroup section */
		D816FB621D66396900EAE3BD /* LaunchScreen.storyboard */ = {
			isa = PBXVariantGroup;
			children = (
				D816FB631D66396900EAE3BD /* Base */,
			);
			name = LaunchScreen.storyboard;
			sourceTree = "<group>";
		};
		D816FB701D663A4100EAE3BD /* Main.storyboard */ = {
			isa = PBXVariantGroup;
			children = (
				D816FB6F1D663A4100EAE3BD /* Base */,
			);
			name = Main.storyboard;
			path = ../../CircularScrollView/SwiftCollectionViewInsideTableView;
			sourceTree = "<group>";
		};
/* End PBXVariantGroup section */

/* Begin XCBuildConfiguration section */
		D816FB661D66396900EAE3BD /* Debug */ = {
			isa = XCBuildConfiguration;
			buildSettings = {
				ALWAYS_SEARCH_USER_PATHS = NO;
				CLANG_ANALYZER_NONNULL = YES;
				CLANG_CXX_LANGUAGE_STANDARD = "gnu++0x";
				CLANG_CXX_LIBRARY = "libc++";
				CLANG_ENABLE_MODULES = YES;
				CLANG_ENABLE_OBJC_ARC = YES;
				CLANG_WARN_BOOL_CONVERSION = YES;
				CLANG_WARN_CONSTANT_CONVERSION = YES;
				CLANG_WARN_DIRECT_OBJC_ISA_USAGE = YES_ERROR;
				CLANG_WARN_EMPTY_BODY = YES;
				CLANG_WARN_ENUM_CONVERSION = YES;
				CLANG_WARN_INT_CONVERSION = YES;
				CLANG_WARN_OBJC_ROOT_CLASS = YES_ERROR;
				CLANG_WARN_UNREACHABLE_CODE = YES;
				CLANG_WARN__DUPLICATE_METHOD_MATCH = YES;
				"CODE_SIGN_IDENTITY[sdk=iphoneos*]" = "iPhone Developer";
				COPY_PHASE_STRIP = NO;
				DEBUG_INFORMATION_FORMAT = dwarf;
				ENABLE_STRICT_OBJC_MSGSEND = YES;
				ENABLE_TESTABILITY = YES;
				GCC_C_LANGUAGE_STANDARD = gnu99;
				GCC_DYNAMIC_NO_PIC = NO;
				GCC_NO_COMMON_BLOCKS = YES;
				GCC_OPTIMIZATION_LEVEL = 0;
				GCC_PREPROCESSOR_DEFINITIONS = (
					"DEBUG=1",
					"$(inherited)",
				);
				GCC_WARN_64_TO_32_BIT_CONVERSION = YES;
				GCC_WARN_ABOUT_RETURN_TYPE = YES_ERROR;
				GCC_WARN_UNDECLARED_SELECTOR = YES;
				GCC_WARN_UNINITIALIZED_AUTOS = YES_AGGRESSIVE;
				GCC_WARN_UNUSED_FUNCTION = YES;
				GCC_WARN_UNUSED_VARIABLE = YES;
				IPHONEOS_DEPLOYMENT_TARGET = 9.3;
				MTL_ENABLE_DEBUG_INFO = YES;
				ONLY_ACTIVE_ARCH = YES;
				SDKROOT = iphoneos;
				SWIFT_OPTIMIZATION_LEVEL = "-Onone";
			};
			name = Debug;
		};
		D816FB671D66396900EAE3BD /* Release */ = {
			isa = XCBuildConfiguration;
			buildSettings = {
				ALWAYS_SEARCH_USER_PATHS = NO;
				CLANG_ANALYZER_NONNULL = YES;
				CLANG_CXX_LANGUAGE_STANDARD = "gnu++0x";
				CLANG_CXX_LIBRARY = "libc++";
				CLANG_ENABLE_MODULES = YES;
				CLANG_ENABLE_OBJC_ARC = YES;
				CLANG_WARN_BOOL_CONVERSION = YES;
				CLANG_WARN_CONSTANT_CONVERSION = YES;
				CLANG_WARN_DIRECT_OBJC_ISA_USAGE = YES_ERROR;
				CLANG_WARN_EMPTY_BODY = YES;
				CLANG_WARN_ENUM_CONVERSION = YES;
				CLANG_WARN_INT_CONVERSION = YES;
				CLANG_WARN_OBJC_ROOT_CLASS = YES_ERROR;
				CLANG_WARN_UNREACHABLE_CODE = YES;
				CLANG_WARN__DUPLICATE_METHOD_MATCH = YES;
				"CODE_SIGN_IDENTITY[sdk=iphoneos*]" = "iPhone Developer";
				COPY_PHASE_STRIP = NO;
				DEBUG_INFORMATION_FORMAT = "dwarf-with-dsym";
				ENABLE_NS_ASSERTIONS = NO;
				ENABLE_STRICT_OBJC_MSGSEND = YES;
				GCC_C_LANGUAGE_STANDARD = gnu99;
				GCC_NO_COMMON_BLOCKS = YES;
				GCC_WARN_64_TO_32_BIT_CONVERSION = YES;
				GCC_WARN_ABOUT_RETURN_TYPE = YES_ERROR;
				GCC_WARN_UNDECLARED_SELECTOR = YES;
				GCC_WARN_UNINITIALIZED_AUTOS = YES_AGGRESSIVE;
				GCC_WARN_UNUSED_FUNCTION = YES;
				GCC_WARN_UNUSED_VARIABLE = YES;
				IPHONEOS_DEPLOYMENT_TARGET = 9.3;
				MTL_ENABLE_DEBUG_INFO = NO;
				SDKROOT = iphoneos;
				VALIDATE_PRODUCT = YES;
			};
			name = Release;
		};
		D816FB691D66396900EAE3BD /* Debug */ = {
			isa = XCBuildConfiguration;
			buildSettings = {
				ASSETCATALOG_COMPILER_APPICON_NAME = AppIcon;
				INFOPLIST_FILE = InfiniteCircularScrollView/Info.plist;
				LD_RUNPATH_SEARCH_PATHS = "$(inherited) @executable_path/Frameworks";
				PRODUCT_BUNDLE_IDENTIFIER = com.test.InfiniteCircularScrollView;
				PRODUCT_NAME = "$(TARGET_NAME)";
			};
			name = Debug;
		};
		D816FB6A1D66396900EAE3BD /* Release */ = {
			isa = XCBuildConfiguration;
			buildSettings = {
				ASSETCATALOG_COMPILER_APPICON_NAME = AppIcon;
				INFOPLIST_FILE = InfiniteCircularScrollView/Info.plist;
				LD_RUNPATH_SEARCH_PATHS = "$(inherited) @executable_path/Frameworks";
				PRODUCT_BUNDLE_IDENTIFIER = com.test.InfiniteCircularScrollView;
				PRODUCT_NAME = "$(TARGET_NAME)";
			};
			name = Release;
		};
/* End XCBuildConfiguration section */

/* Begin XCConfigurationList section */
		D816FB511D66396800EAE3BD /* Build configuration list for PBXProject "InfiniteCircularScrollView" */ = {
			isa = XCConfigurationList;
			buildConfigurations = (
				D816FB661D66396900EAE3BD /* Debug */,
				D816FB671D66396900EAE3BD /* Release */,
			);
			defaultConfigurationIsVisible = 0;
			defaultConfigurationName = Release;
		};
		D816FB681D66396900EAE3BD /* Build configuration list for PBXNativeTarget "InfiniteCircularScrollView" */ = {
			isa = XCConfigurationList;
			buildConfigurations = (
				D816FB691D66396900EAE3BD /* Debug */,
				D816FB6A1D66396900EAE3BD /* Release */,
			);
			defaultConfigurationIsVisible = 0;
		};
/* End XCConfigurationList section */
	};
	rootObject = D816FB4E1D66396800EAE3BD /* Project object */;
}
